{
  "object": {
    "pins": [
      {
        "package": "Just",
        "repositoryURL": "https://github.com/JustHTTP/Just",
        "state": {
          "branch": null,
          "revision": "a6b530d0e7f237aee6262a4ba71086d9d884bb58",
          "version": "0.7.1"
        }
      },
      {
        "package": "NotebookExport",
        "repositoryURL": "https://github.com/latenitesoft/NotebookExport",
        "state": {
          "branch": null,
          "revision": "9fcca3a58713146a13ceb8812a0ee511ec3cc975",
          "version": "0.5.0"
        }
      },
      {
        "package": "Path.swift",
        "repositoryURL": "https://github.com/mxcl/Path.swift",
        "state": {
          "branch": null,
          "revision": "f324b4a562ca421fd2905414a10fb0fc91d58b67",
          "version": "0.16.2"
        }
      }
    ]
  },
  "version": 1
}
